// !$*UTF8*$!
{
	archiveVersion = 1;
	classes = {
	};
	objectVersion = 56;
	objects = {

/* Begin PBXBuildFile section */
		6183ABB329ADA42B00BAD049 /* AppDelegate.swift in Sources */ = {isa = PBXBuildFile; fileRef = 6183ABB229ADA42B00BAD049 /* AppDelegate.swift */; };
		6183ABB529ADA42B00BAD049 /* SceneDelegate.swift in Sources */ = {isa = PBXBuildFile; fileRef = 6183ABB429ADA42B00BAD049 /* SceneDelegate.swift */; };
		6183ABB729ADA42B00BAD049 /* ViewController.swift in Sources */ = {isa = PBXBuildFile; fileRef = 6183ABB629ADA42B00BAD049 /* ViewController.swift */; };
		6183ABBA29ADA42B00BAD049 /* Main.storyboard in Resources */ = {isa = PBXBuildFile; fileRef = 6183ABB829ADA42B00BAD049 /* Main.storyboard */; };
		6183ABBC29ADA42C00BAD049 /* Assets.xcassets in Resources */ = {isa = PBXBuildFile; fileRef = 6183ABBB29ADA42C00BAD049 /* Assets.xcassets */; };
		6183ABBF29ADA42C00BAD049 /* LaunchScreen.storyboard in Resources */ = {isa = PBXBuildFile; fileRef = 6183ABBD29ADA42C00BAD049 /* LaunchScreen.storyboard */; };
		6183ABCA29ADA42D00BAD049 /* MyStoryProjectTests.swift in Sources */ = {isa = PBXBuildFile; fileRef = 6183ABC929ADA42D00BAD049 /* MyStoryProjectTests.swift */; };
		6183ABD429ADA42D00BAD049 /* MyStoryProjectUITests.swift in Sources */ = {isa = PBXBuildFile; fileRef = 6183ABD329ADA42D00BAD049 /* MyStoryProjectUITests.swift */; };
		6183ABD629ADA42D00BAD049 /* MyStoryProjectUITestsLaunchTests.swift in Sources */ = {isa = PBXBuildFile; fileRef = 6183ABD529ADA42D00BAD049 /* MyStoryProjectUITestsLaunchTests.swift */; };
/* End PBXBuildFile section */

/* Begin PBXContainerItemProxy section */
		6183ABC629ADA42D00BAD049 /* PBXContainerItemProxy */ = {
			isa = PBXContainerItemProxy;
			containerPortal = 6183ABA729ADA42B00BAD049 /* Project object */;
			proxyType = 1;
			remoteGlobalIDString = 6183ABAE29ADA42B00BAD049;
			remoteInfo = MyStoryProject;
		};
		6183ABD029ADA42D00BAD049 /* PBXContainerItemProxy */ = {
			isa = PBXContainerItemProxy;
			containerPortal = 6183ABA729ADA42B00BAD049 /* Project object */;
			proxyType = 1;
			remoteGlobalIDString = 6183ABAE29ADA42B00BAD049;
			remoteInfo = MyStoryProject;
		};
/* End PBXContainerItemProxy section */

/* Begin PBXFileReference section */
		6183ABAF29ADA42B00BAD049 /* MyStoryProject.app */ = {isa = PBXFileReference; explicitFileType = wrapper.application; includeInIndex = 0; path = MyStoryProject.app; sourceTree = BUILT_PRODUCTS_DIR; };
		6183ABB229ADA42B00BAD049 /* AppDelegate.swift */ = {isa = PBXFileReference; lastKnownFileType = sourcecode.swift; path = AppDelegate.swift; sourceTree = "<group>"; };
		6183ABB429ADA42B00BAD049 /* SceneDelegate.swift */ = {isa = PBXFileReference; lastKnownFileType = sourcecode.swift; path = SceneDelegate.swift; sourceTree = "<group>"; };
		6183ABB629ADA42B00BAD049 /* ViewController.swift */ = {isa = PBXFileReference; lastKnownFileType = sourcecode.swift; path = ViewController.swift; sourceTree = "<group>"; };
		6183ABB929ADA42B00BAD049 /* Base */ = {isa = PBXFileReference; lastKnownFileType = file.storyboard; name = Base; path = Base.lproj/Main.storyboard; sourceTree = "<group>"; };
		6183ABBB29ADA42C00BAD049 /* Assets.xcassets */ = {isa = PBXFileReference; lastKnownFileType = folder.assetcatalog; path = Assets.xcassets; sourceTree = "<group>"; };
		6183ABBE29ADA42C00BAD049 /* Base */ = {isa = PBXFileReference; lastKnownFileType = file.storyboard; name = Base; path = Base.lproj/LaunchScreen.storyboard; sourceTree = "<group>"; };
		6183ABC029ADA42C00BAD049 /* Info.plist */ = {isa = PBXFileReference; lastKnownFileType = text.plist.xml; path = Info.plist; sourceTree = "<group>"; };
		6183ABC529ADA42D00BAD049 /* MyStoryProjectTests.xctest */ = {isa = PBXFileReference; explicitFileType = wrapper.cfbundle; includeInIndex = 0; path = MyStoryProjectTests.xctest; sourceTree = BUILT_PRODUCTS_DIR; };
		6183ABC929ADA42D00BAD049 /* MyStoryProjectTests.swift */ = {isa = PBXFileReference; lastKnownFileType = sourcecode.swift; path = MyStoryProjectTests.swift; sourceTree = "<group>"; };
		6183ABCF29ADA42D00BAD049 /* MyStoryProjectUITests.xctest */ = {isa = PBXFileReference; explicitFileType = wrapper.cfbundle; includeInIndex = 0; path = MyStoryProjectUITests.xctest; sourceTree = BUILT_PRODUCTS_DIR; };
		6183ABD329ADA42D00BAD049 /* MyStoryProjectUITests.swift */ = {isa = PBXFileReference; lastKnownFileType = sourcecode.swift; path = MyStoryProjectUITests.swift; sourceTree = "<group>"; };
		6183ABD529ADA42D00BAD049 /* MyStoryProjectUITestsLaunchTests.swift */ = {isa = PBXFileReference; lastKnownFileType = sourcecode.swift; path = MyStoryProjectUITestsLaunchTests.swift; sourceTree = "<group>"; };
/* End PBXFileReference section */

/* Begin PBXFrameworksBuildPhase section */
		6183ABAC29ADA42B00BAD049 /* Frameworks */ = {
			isa = PBXFrameworksBuildPhase;
			buildActionMask = 2147483647;
			files = (
			);
			runOnlyForDeploymentPostprocessing = 0;
		};
		6183ABC229ADA42D00BAD049 /* Frameworks */ = {
			isa = PBXFrameworksBuildPhase;
			buildActionMask = 2147483647;
			files = (
			);
			runOnlyForDeploymentPostprocessing = 0;
		};
		6183ABCC29ADA42D00BAD049 /* Frameworks */ = {
			isa = PBXFrameworksBuildPhase;
			buildActionMask = 2147483647;
			files = (
			);
			runOnlyForDeploymentPostprocessing = 0;
		};
/* End PBXFrameworksBuildPhase section */

/* Begin PBXGroup section */
		6183ABA629ADA42B00BAD049 = {
			isa = PBXGroup;
			children = (
				6183ABB129ADA42B00BAD049 /* MyStoryProject */,
				6183ABC829ADA42D00BAD049 /* MyStoryProjectTests */,
				6183ABD229ADA42D00BAD049 /* MyStoryProjectUITests */,
				6183ABB029ADA42B00BAD049 /* Products */,
			);
			sourceTree = "<group>";
		};
		6183ABB029ADA42B00BAD049 /* Products */ = {
			isa = PBXGroup;
			children = (
				6183ABAF29ADA42B00BAD049 /* MyStoryProject.app */,
				6183ABC529ADA42D00BAD049 /* MyStoryProjectTests.xctest */,
				6183ABCF29ADA42D00BAD049 /* MyStoryProjectUITests.xctest */,
			);
			name = Products;
			sourceTree = "<group>";
		};
		6183ABB129ADA42B00BAD049 /* MyStoryProject */ = {
			isa = PBXGroup;
			children = (
				6183ABB229ADA42B00BAD049 /* AppDelegate.swift */,
				6183ABB429ADA42B00BAD049 /* SceneDelegate.swift */,
				6183ABB629ADA42B00BAD049 /* ViewController.swift */,
				6183ABB829ADA42B00BAD049 /* Main.storyboard */,
				6183ABBB29ADA42C00BAD049 /* Assets.xcassets */,
				6183ABBD29ADA42C00BAD049 /* LaunchScreen.storyboard */,
				6183ABC029ADA42C00BAD049 /* Info.plist */,
			);
			path = MyStoryProject;
			sourceTree = "<group>";
		};
		6183ABC829ADA42D00BAD049 /* MyStoryProjectTests */ = {
			isa = PBXGroup;
			children = (
				6183ABC929ADA42D00BAD049 /* MyStoryProjectTests.swift */,
			);
			path = MyStoryProjectTests;
			sourceTree = "<group>";
		};
		6183ABD229ADA42D00BAD049 /* MyStoryProjectUITests */ = {
			isa = PBXGroup;
			children = (
				6183ABD329ADA42D00BAD049 /* MyStoryProjectUITests.swift */,
				6183ABD529ADA42D00BAD049 /* MyStoryProjectUITestsLaunchTests.swift */,
			);
			path = MyStoryProjectUITests;
			sourceTree = "<group>";
		};
/* End PBXGroup section */

/* Begin PBXNativeTarget section */
		6183ABAE29ADA42B00BAD049 /* MyStoryProject */ = {
			isa = PBXNativeTarget;
			buildConfigurationList = 6183ABD929ADA42D00BAD049 /* Build configuration list for PBXNativeTarget "MyStoryProject" */;
			buildPhases = (
				6183ABAB29ADA42B00BAD049 /* Sources */,
				6183ABAC29ADA42B00BAD049 /* Frameworks */,
				6183ABAD29ADA42B00BAD049 /* Resources */,
			);
			buildRules = (
			);
			dependencies = (
			);
			name = MyStoryProject;
			productName = MyStoryProject;
			productReference = 6183ABAF29ADA42B00BAD049 /* MyStoryProject.app */;
			productType = "com.apple.product-type.application";
		};
		6183ABC429ADA42D00BAD049 /* MyStoryProjectTests */ = {
			isa = PBXNativeTarget;
			buildConfigurationList = 6183ABDC29ADA42D00BAD049 /* Build configuration list for PBXNativeTarget "MyStoryProjectTests" */;
			buildPhases = (
				6183ABC129ADA42D00BAD049 /* Sources */,
				6183ABC229ADA42D00BAD049 /* Frameworks */,
				6183ABC329ADA42D00BAD049 /* Resources */,
			);
			buildRules = (
			);
			dependencies = (
				6183ABC729ADA42D00BAD049 /* PBXTargetDependency */,
			);
			name = MyStoryProjectTests;
			productName = MyStoryProjectTests;
			productReference = 6183ABC529ADA42D00BAD049 /* MyStoryProjectTests.xctest */;
			productType = "com.apple.product-type.bundle.unit-test";
		};
		6183ABCE29ADA42D00BAD049 /* MyStoryProjectUITests */ = {
			isa = PBXNativeTarget;
			buildConfigurationList = 6183ABDF29ADA42D00BAD049 /* Build configuration list for PBXNativeTarget "MyStoryProjectUITests" */;
			buildPhases = (
				6183ABCB29ADA42D00BAD049 /* Sources */,
				6183ABCC29ADA42D00BAD049 /* Frameworks */,
				6183ABCD29ADA42D00BAD049 /* Resources */,
			);
			buildRules = (
			);
			dependencies = (
				6183ABD129ADA42D00BAD049 /* PBXTargetDependency */,
			);
			name = MyStoryProjectUITests;
			productName = MyStoryProjectUITests;
			productReference = 6183ABCF29ADA42D00BAD049 /* MyStoryProjectUITests.xctest */;
			productType = "com.apple.product-type.bundle.ui-testing";
		};
/* End PBXNativeTarget section */

/* Begin PBXProject section */
		6183ABA729ADA42B00BAD049 /* Project object */ = {
			isa = PBXProject;
			attributes = {
				BuildIndependentTargetsInParallel = 1;
				LastSwiftUpdateCheck = 1420;
				LastUpgradeCheck = 1420;
				TargetAttributes = {
					6183ABAE29ADA42B00BAD049 = {
						CreatedOnToolsVersion = 14.2;
					};
					6183ABC429ADA42D00BAD049 = {
						CreatedOnToolsVersion = 14.2;
						TestTargetID = 6183ABAE29ADA42B00BAD049;
					};
					6183ABCE29ADA42D00BAD049 = {
						CreatedOnToolsVersion = 14.2;
						TestTargetID = 6183ABAE29ADA42B00BAD049;
					};
				};
			};
			buildConfigurationList = 6183ABAA29ADA42B00BAD049 /* Build configuration list for PBXProject "MyStoryProject" */;
			compatibilityVersion = "Xcode 14.0";
			developmentRegion = en;
			hasScannedForEncodings = 0;
			knownRegions = (
				en,
				Base,
			);
			mainGroup = 6183ABA629ADA42B00BAD049;
			productRefGroup = 6183ABB029ADA42B00BAD049 /* Products */;
			projectDirPath = "";
			projectRoot = "";
			targets = (
				6183ABAE29ADA42B00BAD049 /* MyStoryProject */,
				6183ABC429ADA42D00BAD049 /* MyStoryProjectTests */,
				6183ABCE29ADA42D00BAD049 /* MyStoryProjectUITests */,
			);
		};
/* End PBXProject section */

/* Begin PBXResourcesBuildPhase section */
		6183ABAD29ADA42B00BAD049 /* Resources */ = {
			isa = PBXResourcesBuildPhase;
			buildActionMask = 2147483647;
			files = (
				6183ABBF29ADA42C00BAD049 /* LaunchScreen.storyboard in Resources */,
				6183ABBC29ADA42C00BAD049 /* Assets.xcassets in Resources */,
				6183ABBA29ADA42B00BAD049 /* Main.storyboard in Resources */,
			);
			runOnlyForDeploymentPostprocessing = 0;
		};
		6183ABC329ADA42D00BAD049 /* Resources */ = {
			isa = PBXResourcesBuildPhase;
			buildActionMask = 2147483647;
			files = (
			);
			runOnlyForDeploymentPostprocessing = 0;
		};
		6183ABCD29ADA42D00BAD049 /* Resources */ = {
			isa = PBXResourcesBuildPhase;
			buildActionMask = 2147483647;
			files = (
			);
			runOnlyForDeploymentPostprocessing = 0;
		};
/* End PBXResourcesBuildPhase section */

/* Begin PBXSourcesBuildPhase section */
		6183ABAB29ADA42B00BAD049 /* Sources */ = {
			isa = PBXSourcesBuildPhase;
			buildActionMask = 2147483647;
			files = (
				6183ABB729ADA42B00BAD049 /* ViewController.swift in Sources */,
				6183ABB329ADA42B00BAD049 /* AppDelegate.swift in Sources */,
				6183ABB529ADA42B00BAD049 /* SceneDelegate.swift in Sources */,
			);
			runOnlyForDeploymentPostprocessing = 0;
		};
		6183ABC129ADA42D00BAD049 /* Sources */ = {
			isa = PBXSourcesBuildPhase;
			buildActionMask = 2147483647;
			files = (
				6183ABCA29ADA42D00BAD049 /* MyStoryProjectTests.swift in Sources */,
			);
			runOnlyForDeploymentPostprocessing = 0;
		};
		6183ABCB29ADA42D00BAD049 /* Sources */ = {
			isa = PBXSourcesBuildPhase;
			buildActionMask = 2147483647;
			files = (
				6183ABD629ADA42D00BAD049 /* MyStoryProjectUITestsLaunchTests.swift in Sources */,
				6183ABD429ADA42D00BAD049 /* MyStoryProjectUITests.swift in Sources */,
			);
			runOnlyForDeploymentPostprocessing = 0;
		};
/* End PBXSourcesBuildPhase section */

/* Begin PBXTargetDependency section */
		6183ABC729ADA42D00BAD049 /* PBXTargetDependency */ = {
			isa = PBXTargetDependency;
			target = 6183ABAE29ADA42B00BAD049 /* MyStoryProject */;
			targetProxy = 6183ABC629ADA42D00BAD049 /* PBXContainerItemProxy */;
		};
		6183ABD129ADA42D00BAD049 /* PBXTargetDependency */ = {
			isa = PBXTargetDependency;
			target = 6183ABAE29ADA42B00BAD049 /* MyStoryProject */;
			targetProxy = 6183ABD029ADA42D00BAD049 /* PBXContainerItemProxy */;
		};
/* End PBXTargetDependency section */

/* Begin PBXVariantGroup section */
		6183ABB829ADA42B00BAD049 /* Main.storyboard */ = {
			isa = PBXVariantGroup;
			children = (
				6183ABB929ADA42B00BAD049 /* Base */,
			);
			name = Main.storyboard;
			sourceTree = "<group>";
		};
		6183ABBD29ADA42C00BAD049 /* LaunchScreen.storyboard */ = {
			isa = PBXVariantGroup;
			children = (
				6183ABBE29ADA42C00BAD049 /* Base */,
			);
			name = LaunchScreen.storyboard;
			sourceTree = "<group>";
		};
/* End PBXVariantGroup section */

/* Begin XCBuildConfiguration section */
		6183ABD729ADA42D00BAD049 /* Debug */ = {
			isa = XCBuildConfiguration;
			buildSettings = {
				ALWAYS_SEARCH_USER_PATHS = NO;
				CLANG_ANALYZER_NONNULL = YES;
				CLANG_ANALYZER_NUMBER_OBJECT_CONVERSION = YES_AGGRESSIVE;
				CLANG_CXX_LANGUAGE_STANDARD = "gnu++20";
				CLANG_ENABLE_MODULES = YES;
				CLANG_ENABLE_OBJC_ARC = YES;
				CLANG_ENABLE_OBJC_WEAK = YES;
				CLANG_WARN_BLOCK_CAPTURE_AUTORELEASING = YES;
				CLANG_WARN_BOOL_CONVERSION = YES;
				CLANG_WARN_COMMA = YES;
				CLANG_WARN_CONSTANT_CONVERSION = YES;
				CLANG_WARN_DEPRECATED_OBJC_IMPLEMENTATIONS = YES;
				CLANG_WARN_DIRECT_OBJC_ISA_USAGE = YES_ERROR;
				CLANG_WARN_DOCUMENTATION_COMMENTS = YES;
				CLANG_WARN_EMPTY_BODY = YES;
				CLANG_WARN_ENUM_CONVERSION = YES;
				CLANG_WARN_INFINITE_RECURSION = YES;
				CLANG_WARN_INT_CONVERSION = YES;
				CLANG_WARN_NON_LITERAL_NULL_CONVERSION = YES;
				CLANG_WARN_OBJC_IMPLICIT_RETAIN_SELF = YES;
				CLANG_WARN_OBJC_LITERAL_CONVERSION = YES;
				CLANG_WARN_OBJC_ROOT_CLASS = YES_ERROR;
				CLANG_WARN_QUOTED_INCLUDE_IN_FRAMEWORK_HEADER = YES;
				CLANG_WARN_RANGE_LOOP_ANALYSIS = YES;
				CLANG_WARN_STRICT_PROTOTYPES = YES;
				CLANG_WARN_SUSPICIOUS_MOVE = YES;
				CLANG_WARN_UNGUARDED_AVAILABILITY = YES_AGGRESSIVE;
				CLANG_WARN_UNREACHABLE_CODE = YES;
				CLANG_WARN__DUPLICATE_METHOD_MATCH = YES;
				COPY_PHASE_STRIP = NO;
				DEBUG_INFORMATION_FORMAT = dwarf;
				ENABLE_STRICT_OBJC_MSGSEND = YES;
				ENABLE_TESTABILITY = YES;
				GCC_C_LANGUAGE_STANDARD = gnu11;
				GCC_DYNAMIC_NO_PIC = NO;
				GCC_NO_COMMON_BLOCKS = YES;
				GCC_OPTIMIZATION_LEVEL = 0;
				GCC_PREPROCESSOR_DEFINITIONS = (
					"DEBUG=1",
					"$(inherited)",
				);
				GCC_WARN_64_TO_32_BIT_CONVERSION = YES;
				GCC_WARN_ABOUT_RETURN_TYPE = YES_ERROR;
				GCC_WARN_UNDECLARED_SELECTOR = YES;
				GCC_WARN_UNINITIALIZED_AUTOS = YES_AGGRESSIVE;
				GCC_WARN_UNUSED_FUNCTION = YES;
				GCC_WARN_UNUSED_VARIABLE = YES;
				IPHONEOS_DEPLOYMENT_TARGET = 16.2;
				MTL_ENABLE_DEBUG_INFO = INCLUDE_SOURCE;
				MTL_FAST_MATH = YES;
				ONLY_ACTIVE_ARCH = YES;
				SDKROOT = iphoneos;
				SWIFT_ACTIVE_COMPILATION_CONDITIONS = DEBUG;
				SWIFT_OPTIMIZATION_LEVEL = "-Onone";
			};
			name = Debug;
		};
		6183ABD829ADA42D00BAD049 /* Release */ = {
			isa = XCBuildConfiguration;
			buildSettings = {
				ALWAYS_SEARCH_USER_PATHS = NO;
				CLANG_ANALYZER_NONNULL = YES;
				CLANG_ANALYZER_NUMBER_OBJECT_CONVERSION = YES_AGGRESSIVE;
				CLANG_CXX_LANGUAGE_STANDARD = "gnu++20";
				CLANG_ENABLE_MODULES = YES;
				CLANG_ENABLE_OBJC_ARC = YES;
				CLANG_ENABLE_OBJC_WEAK = YES;
				CLANG_WARN_BLOCK_CAPTURE_AUTORELEASING = YES;
				CLANG_WARN_BOOL_CONVERSION = YES;
				CLANG_WARN_COMMA = YES;
				CLANG_WARN_CONSTANT_CONVERSION = YES;
				CLANG_WARN_DEPRECATED_OBJC_IMPLEMENTATIONS = YES;
				CLANG_WARN_DIRECT_OBJC_ISA_USAGE = YES_ERROR;
				CLANG_WARN_DOCUMENTATION_COMMENTS = YES;
				CLANG_WARN_EMPTY_BODY = YES;
				CLANG_WARN_ENUM_CONVERSION = YES;
				CLANG_WARN_INFINITE_RECURSION = YES;
				CLANG_WARN_INT_CONVERSION = YES;
				CLANG_WARN_NON_LITERAL_NULL_CONVERSION = YES;
				CLANG_WARN_OBJC_IMPLICIT_RETAIN_SELF = YES;
				CLANG_WARN_OBJC_LITERAL_CONVERSION = YES;
				CLANG_WARN_OBJC_ROOT_CLASS = YES_ERROR;
				CLANG_WARN_QUOTED_INCLUDE_IN_FRAMEWORK_HEADER = YES;
				CLANG_WARN_RANGE_LOOP_ANALYSIS = YES;
				CLANG_WARN_STRICT_PROTOTYPES = YES;
				CLANG_WARN_SUSPICIOUS_MOVE = YES;
				CLANG_WARN_UNGUARDED_AVAILABILITY = YES_AGGRESSIVE;
				CLANG_WARN_UNREACHABLE_CODE = YES;
				CLANG_WARN__DUPLICATE_METHOD_MATCH = YES;
				COPY_PHASE_STRIP = NO;
				DEBUG_INFORMATION_FORMAT = "dwarf-with-dsym";
				ENABLE_NS_ASSERTIONS = NO;
				ENABLE_STRICT_OBJC_MSGSEND = YES;
				GCC_C_LANGUAGE_STANDARD = gnu11;
				GCC_NO_COMMON_BLOCKS = YES;
				GCC_WARN_64_TO_32_BIT_CONVERSION = YES;
				GCC_WARN_ABOUT_RETURN_TYPE = YES_ERROR;
				GCC_WARN_UNDECLARED_SELECTOR = YES;
				GCC_WARN_UNINITIALIZED_AUTOS = YES_AGGRESSIVE;
				GCC_WARN_UNUSED_FUNCTION = YES;
				GCC_WARN_UNUSED_VARIABLE = YES;
				IPHONEOS_DEPLOYMENT_TARGET = 16.2;
				MTL_ENABLE_DEBUG_INFO = NO;
				MTL_FAST_MATH = YES;
				SDKROOT = iphoneos;
				SWIFT_COMPILATION_MODE = wholemodule;
				SWIFT_OPTIMIZATION_LEVEL = "-O";
				VALIDATE_PRODUCT = YES;
			};
			name = Release;
		};
		6183ABDA29ADA42D00BAD049 /* Debug */ = {
			isa = XCBuildConfiguration;
			buildSettings = {
				ASSETCATALOG_COMPILER_APPICON_NAME = AppIcon;
				ASSETCATALOG_COMPILER_GLOBAL_ACCENT_COLOR_NAME = AccentColor;
				CODE_SIGN_STYLE = Automatic;
				CURRENT_PROJECT_VERSION = 1;
				DEVELOPMENT_TEAM = Y4QGKUQYF8;
				GENERATE_INFOPLIST_FILE = YES;
				INFOPLIST_FILE = MyStoryProject/Info.plist;
				INFOPLIST_KEY_UIApplicationSupportsIndirectInputEvents = YES;
				INFOPLIST_KEY_UILaunchStoryboardName = LaunchScreen;
				INFOPLIST_KEY_UIMainStoryboardFile = Main;
				INFOPLIST_KEY_UISupportedInterfaceOrientations_iPad = "UIInterfaceOrientationPortrait UIInterfaceOrientationPortraitUpsideDown UIInterfaceOrientationLandscapeLeft UIInterfaceOrientationLandscapeRight";
				INFOPLIST_KEY_UISupportedInterfaceOrientations_iPhone = "UIInterfaceOrientationPortrait UIInterfaceOrientationLandscapeLeft UIInterfaceOrientationLandscapeRight";
				LD_RUNPATH_SEARCH_PATHS = (
					"$(inherited)",
					"@executable_path/Frameworks",
				);
				MARKETING_VERSION = 1.0;
				PRODUCT_BUNDLE_IDENTIFIER = "learn-to-code.MyStoryProject";
				PRODUCT_NAME = "$(TARGET_NAME)";
				SWIFT_EMIT_LOC_STRINGS = YES;
				SWIFT_VERSION = 5.0;
				TARGETED_DEVICE_FAMILY = "1,2";
			};
			name = Debug;
		};
		6183ABDB29ADA42D00BAD049 /* Release */ = {
			isa = XCBuildConfiguration;
			buildSettings = {
				ASSETCATALOG_COMPILER_APPICON_NAME = AppIcon;
				ASSETCATALOG_COMPILER_GLOBAL_ACCENT_COLOR_NAME = AccentColor;
				CODE_SIGN_STYLE = Automatic;
				CURRENT_PROJECT_VERSION = 1;
				DEVELOPMENT_TEAM = Y4QGKUQYF8;
				GENERATE_INFOPLIST_FILE = YES;
				INFOPLIST_FILE = MyStoryProject/Info.plist;
				INFOPLIST_KEY_UIApplicationSupportsIndirectInputEvents = YES;
				INFOPLIST_KEY_UILaunchStoryboardName = LaunchScreen;
				INFOPLIST_KEY_UIMainStoryboardFile = Main;
				INFOPLIST_KEY_UISupportedInterfaceOrientations_iPad = "UIInterfaceOrientationPortrait UIInterfaceOrientationPortraitUpsideDown UIInterfaceOrientationLandscapeLeft UIInterfaceOrientationLandscapeRight";
				INFOPLIST_KEY_UISupportedInterfaceOrientations_iPhone = "UIInterfaceOrientationPortrait UIInterfaceOrientationLandscapeLeft UIInterfaceOrientationLandscapeRight";
				LD_RUNPATH_SEARCH_PATHS = (
					"$(inherited)",
					"@executable_path/Frameworks",
				);
				MARKETING_VERSION = 1.0;
				PRODUCT_BUNDLE_IDENTIFIER = "learn-to-code.MyStoryProject";
				PRODUCT_NAME = "$(TARGET_NAME)";
				SWIFT_EMIT_LOC_STRINGS = YES;
				SWIFT_VERSION = 5.0;
				TARGETED_DEVICE_FAMILY = "1,2";
			};
			name = Release;
		};
		6183ABDD29ADA42D00BAD049 /* Debug */ = {
			isa = XCBuildConfiguration;
			buildSettings = {
				ALWAYS_EMBED_SWIFT_STANDARD_LIBRARIES = YES;
				BUNDLE_LOADER = "$(TEST_HOST)";
				CODE_SIGN_STYLE = Automatic;
				CURRENT_PROJECT_VERSION = 1;
				DEVELOPMENT_TEAM = Y4QGKUQYF8;
				GENERATE_INFOPLIST_FILE = YES;
				IPHONEOS_DEPLOYMENT_TARGET = 16.2;
				MARKETING_VERSION = 1.0;
				PRODUCT_BUNDLE_IDENTIFIER = "learn-to-code.MyStoryProjectTests";
				PRODUCT_NAME = "$(TARGET_NAME)";
				SWIFT_EMIT_LOC_STRINGS = NO;
				SWIFT_VERSION = 5.0;
				TARGETED_DEVICE_FAMILY = "1,2";
				TEST_HOST = "$(BUILT_PRODUCTS_DIR)/MyStoryProject.app/$(BUNDLE_EXECUTABLE_FOLDER_PATH)/MyStoryProject";
			};
			name = Debug;
		};
		6183ABDE29ADA42D00BAD049 /* Release */ = {
			isa = XCBuildConfiguration;
			buildSettings = {
				ALWAYS_EMBED_SWIFT_STANDARD_LIBRARIES = YES;
				BUNDLE_LOADER = "$(TEST_HOST)";
				CODE_SIGN_STYLE = Automatic;
				CURRENT_PROJECT_VERSION = 1;
				DEVELOPMENT_TEAM = Y4QGKUQYF8;
				GENERATE_INFOPLIST_FILE = YES;
				IPHONEOS_DEPLOYMENT_TARGET = 16.2;
				MARKETING_VERSION = 1.0;
				PRODUCT_BUNDLE_IDENTIFIER = "learn-to-code.MyStoryProjectTests";
				PRODUCT_NAME = "$(TARGET_NAME)";
				SWIFT_EMIT_LOC_STRINGS = NO;
				SWIFT_VERSION = 5.0;
				TARGETED_DEVICE_FAMILY = "1,2";
				TEST_HOST = "$(BUILT_PRODUCTS_DIR)/MyStoryProject.app/$(BUNDLE_EXECUTABLE_FOLDER_PATH)/MyStoryProject";
			};
			name = Release;
		};
		6183ABE029ADA42D00BAD049 /* Debug */ = {
			isa = XCBuildConfiguration;
			buildSettings = {
				ALWAYS_EMBED_SWIFT_STANDARD_LIBRARIES = YES;
				CODE_SIGN_STYLE = Automatic;
				CURRENT_PROJECT_VERSION = 1;
				DEVELOPMENT_TEAM = Y4QGKUQYF8;
				GENERATE_INFOPLIST_FILE = YES;
				MARKETING_VERSION = 1.0;
				PRODUCT_BUNDLE_IDENTIFIER = "learn-to-code.MyStoryProjectUITests";
				PRODUCT_NAME = "$(TARGET_NAME)";
				SWIFT_EMIT_LOC_STRINGS = NO;
				SWIFT_VERSION = 5.0;
				TARGETED_DEVICE_FAMILY = "1,2";
				TEST_TARGET_NAME = MyStoryProject;
			};
			name = Debug;
		};
		6183ABE129ADA42D00BAD049 /* Release */ = {
			isa = XCBuildConfiguration;
			buildSettings = {
				ALWAYS_EMBED_SWIFT_STANDARD_LIBRARIES = YES;
				CODE_SIGN_STYLE = Automatic;
				CURRENT_PROJECT_VERSION = 1;
				DEVELOPMENT_TEAM = Y4QGKUQYF8;
				GENERATE_INFOPLIST_FILE = YES;
				MARKETING_VERSION = 1.0;
				PRODUCT_BUNDLE_IDENTIFIER = "learn-to-code.MyStoryProjectUITests";
				PRODUCT_NAME = "$(TARGET_NAME)";
				SWIFT_EMIT_LOC_STRINGS = NO;
				SWIFT_VERSION = 5.0;
				TARGETED_DEVICE_FAMILY = "1,2";
				TEST_TARGET_NAME = MyStoryProject;
			};
			name = Release;
		};
/* End XCBuildConfiguration section */

/* Begin XCConfigurationList section */
		6183ABAA29ADA42B00BAD049 /* Build configuration list for PBXProject "MyStoryProject" */ = {
			isa = XCConfigurationList;
			buildConfigurations = (
				6183ABD729ADA42D00BAD049 /* Debug */,
				6183ABD829ADA42D00BAD049 /* Release */,
			);
			defaultConfigurationIsVisible = 0;
			defaultConfigurationName = Release;
		};
		6183ABD929ADA42D00BAD049 /* Build configuration list for PBXNativeTarget "MyStoryProject" */ = {
			isa = XCConfigurationList;
			buildConfigurations = (
				6183ABDA29ADA42D00BAD049 /* Debug */,
				6183ABDB29ADA42D00BAD049 /* Release */,
			);
			defaultConfigurationIsVisible = 0;
			defaultConfigurationName = Release;
		};
		6183ABDC29ADA42D00BAD049 /* Build configuration list for PBXNativeTarget "MyStoryProjectTests" */ = {
			isa = XCConfigurationList;
			buildConfigurations = (
				6183ABDD29ADA42D00BAD049 /* Debug */,
				6183ABDE29ADA42D00BAD049 /* Release */,
			);
			defaultConfigurationIsVisible = 0;
			defaultConfigurationName = Release;
		};
		6183ABDF29ADA42D00BAD049 /* Build configuration list for PBXNativeTarget "MyStoryProjectUITests" */ = {
			isa = XCConfigurationList;
			buildConfigurations = (
				6183ABE029ADA42D00BAD049 /* Debug */,
				6183ABE129ADA42D00BAD049 /* Release */,
			);
			defaultConfigurationIsVisible = 0;
			defaultConfigurationName = Release;
		};
/* End XCConfigurationList section */
	};
	rootObject = 6183ABA729ADA42B00BAD049 /* Project object */;
}
